{
  "nodes": {
    "configs-private": {
      "locked": {
        "lastModified": 1690899744,
        "narHash": "sha256-udRHzDF/U6atdtVEx7e3ioUbUdeqBTSIg2WsjmciD+I=",
        "owner": "waciejm",
        "repo": "configs-private",
        "rev": "6e2a87aacc670f3f4bc0904959786f3f40938fe6",
        "type": "github"
      },
      "original": {
        "owner": "waciejm",
        "repo": "configs-private",
        "type": "github"
      }
    },
    "home-manager": {
      "inputs": {
        "nixpkgs": [
          "nixpkgs"
        ]
      },
      "locked": {
        "lastModified": 1690629157,
        "narHash": "sha256-hsZC4tPH4Ab/ynuswApNFzshbfG79Ctbrc4Qa0z9sek=",
        "owner": "nix-community",
        "repo": "home-manager",
        "rev": "5c23226768abd3402636f4d3c65aea8450997102",
        "type": "github"
      },
      "original": {
        "owner": "nix-community",
        "repo": "home-manager",
        "type": "github"
      }
    },
    "nixpkgs": {
      "locked": {
        "lastModified": 1690548937,
        "narHash": "sha256-x3ZOPGLvtC0/+iFAg9Kvqm/8hTAIkGjc634SqtgaXTA=",
        "owner": "NixOS",
        "repo": "nixpkgs",
        "rev": "2a9d660ff0f7ffde9d73be328ee6e6f10ef66b28",
        "type": "github"
      },
      "original": {
        "owner": "NixOS",
        "ref": "nixos-unstable",
        "repo": "nixpkgs",
        "type": "github"
      }
    },
    "root": {
      "inputs": {
        "configs-private": "configs-private",
        "home-manager": "home-manager",
        "nixpkgs": "nixpkgs"
      }
    }
  },
  "root": "root",
  "version": 7
}
